# Generated by move; do not edit
# This file should be checked in.

[move]
version = 4

[pinned.mainnet.CetusClmm]
source = { git = "https://github.com/CetusProtocol/cetus-contracts.git", subdir = "packages/cetus_clmm", rev = "9b0405fd7468115e8da04801b40792705858500c" }
use_environment = "mainnet"
manifest_digest = "744DC378CA2328A82F42C11BE39B95039B3D16E63AB090524B47486FF741415D"
deps = { IntegerMate = "IntegerMate", MoveSTL = "MoveSTL", std = "MoveStdlib", sui = "Sui" }

[pinned.mainnet.IntegerMate]
source = { git = "https://github.com/CetusProtocol/integer-mate.git", subdir = "sui", rev = "3b8e0d46a7d7f69d6567d677e13c51325fe2a8ed" }
use_environment = "mainnet"
manifest_digest = "A0581A36529EB09EAC794B6A7AC4C2FFB818A6A271C8A711ABC84F94659CCE34"
deps = { Sui = "Sui_1" }

[pinned.mainnet.MoveSTL]
source = { git = "https://github.com/CetusProtocol/move-stl.git", subdir = "sui", rev = "0c89008667f5800d64e68ef191f0026c9ce13fb8" }
use_environment = "mainnet"
manifest_digest = "A0581A36529EB09EAC794B6A7AC4C2FFB818A6A271C8A711ABC84F94659CCE34"
deps = { Sui = "Sui_1" }

[pinned.mainnet.MoveStdlib]
source = { git = "https://github.com/MystenLabs/sui.git", subdir = "crates/sui-framework/packages/move-stdlib", rev = "367fd808279bed26f7c64fc63160062a2ee29ab7" }
use_environment = "mainnet"
manifest_digest = "C4FE4C91DE74CBF223B2E380AE40F592177D21870DC2D7EB6227D2D694E05363"
deps = {}

[pinned.mainnet.MoveStdlib_1]
source = { git = "https://github.com/MystenLabs/sui.git", subdir = "crates/sui-framework/packages/move-stdlib", rev = "9873b38d19ad29fd9ade18683677c58f8a5cccb3" }
use_environment = "mainnet"
manifest_digest = "C4FE4C91DE74CBF223B2E380AE40F592177D21870DC2D7EB6227D2D694E05363"
deps = {}

[pinned.mainnet.MoveStdlib_2]
source = { git = "https://github.com/MystenLabs/sui.git", subdir = "crates/sui-framework/packages/move-stdlib", rev = "a4185da5659d8d299d34e1bb2515ff1f7e32a20a" }
use_environment = "mainnet"
manifest_digest = "C4FE4C91DE74CBF223B2E380AE40F592177D21870DC2D7EB6227D2D694E05363"
deps = {}

[pinned.mainnet.Sui]
source = { git = "https://github.com/MystenLabs/sui.git", subdir = "crates/sui-framework/packages/sui-framework", rev = "367fd808279bed26f7c64fc63160062a2ee29ab7" }
use_environment = "mainnet"
manifest_digest = "CD547CB1ACCE0880C835DAED2D8FFCB91D56C833AE5240D3AA5B918398263195"
deps = { MoveStdlib = "MoveStdlib" }

[pinned.mainnet.Sui_1]
source = { git = "https://github.com/MystenLabs/sui.git", subdir = "crates/sui-framework/packages/sui-framework", rev = "9873b38d19ad29fd9ade18683677c58f8a5cccb3" }
use_environment = "mainnet"
manifest_digest = "CD547CB1ACCE0880C835DAED2D8FFCB91D56C833AE5240D3AA5B918398263195"
deps = { MoveStdlib = "MoveStdlib_1" }

[pinned.mainnet.Sui_2]
source = { git = "https://github.com/MystenLabs/sui.git", subdir = "crates/sui-framework/packages/sui-framework", rev = "a4185da5659d8d299d34e1bb2515ff1f7e32a20a" }
use_environment = "mainnet"
manifest_digest = "CD547CB1ACCE0880C835DAED2D8FFCB91D56C833AE5240D3AA5B918398263195"
deps = { MoveStdlib = "MoveStdlib_2" }

[pinned.mainnet.deepbook]
source = { git = "https://github.com/MystenLabs/deepbookv3.git", subdir = "packages/deepbook", rev = "e276939f0613b98d8dcfa818ada3612dbbeb386b" }
use_environment = "mainnet"
manifest_digest = "F4948AC65D214ECC0561B7E94987B2AF2D7BF78658F6AE5CA5D0E1DA68873872"
deps = { std = "MoveStdlib", sui = "Sui", token = "token" }

[pinned.mainnet.orafi]
source = { root = true }
use_environment = "mainnet"
manifest_digest = "454234D5AA81738C12BCD0F4E314E55C1A86B83FDE6E98A09DA30B74113630D6"
deps = { CetusClmm = "CetusClmm", deepbook = "deepbook", std = "MoveStdlib", sui = "Sui", usdc = "usdc" }

[pinned.mainnet.stablecoin]
source = { git = "https://github.com/circlefin/stablecoin-sui.git", subdir = "packages/stablecoin", rev = "d0904aec1bbe46b38f811654070032363a5a2966" }
use_environment = "mainnet"
manifest_digest = "D1FE50C597BE535CA6E8A169082748AB89005284E0D8263275A45A017CFA40D9"
deps = { Sui = "Sui_2", sui_extensions = "sui_extensions" }

[pinned.mainnet.sui_extensions]
source = { git = "https://github.com/circlefin/stablecoin-sui.git", subdir = "packages/sui_extensions", rev = "d0904aec1bbe46b38f811654070032363a5a2966" }
use_environment = "mainnet"
manifest_digest = "A441490BFF45892FF2D2F51A362331BAB479ECDAF138E673D20F5D457D2F65B9"
deps = { Sui = "Sui_2" }

[pinned.mainnet.token]
source = { git = "https://github.com/MystenLabs/deepbookv3.git", subdir = "packages/token", rev = "e276939f0613b98d8dcfa818ada3612dbbeb386b" }
use_environment = "mainnet"
manifest_digest = "E41BBD67BE8940D26C79D78B028477EF5B33BA217A1282C78ACB344CF8A5ECF6"
deps = { std = "MoveStdlib", sui = "Sui" }

[pinned.mainnet.usdc]
source = { git = "https://github.com/circlefin/stablecoin-sui.git", subdir = "packages/usdc", rev = "d0904aec1bbe46b38f811654070032363a5a2966" }
use_environment = "mainnet"
manifest_digest = "BF0D9AE6518F5174EE87CBF91CFDB3F76B83EF440B11AC27486B1448973CD02B"
deps = { Sui = "Sui_2", stablecoin = "stablecoin", sui_extensions = "sui_extensions" }
